
Microsoft Visual Studio Solution File, Format Version 12.00
# Visual Studio 2013
VisualStudioVersion = 12.0.31101.0
MinimumVisualStudioVersion = 10.0.40219.1
Project("{FAE04EC0-301F-11D3-BF4B-00C04F79EFBC}") = "AlienFXTest", "AlienFXTest\AlienFXTest.csproj", "{B745AAB2-B6FA-4052-9C81-65E6E6F743E5}"
EndProject
Project("{FAE04EC0-301F-11D3-BF4B-00C04F79EFBC}") = "StartAlienFX", "StartAlienFX\StartAlienFX.csproj", "{B9B2791C-94F0-4CFB-AA7B-FDA3C9679119}"
EndProject
Global
	GlobalSection(SolutionConfigurationPlatforms) = preSolution
		Debug|Any CPU = Debug|Any CPU
		Release|Any CPU = Release|Any CPU
	EndGlobalSection
	GlobalSection(ProjectConfigurationPlatforms) = postSolution
		{B745AAB2-B6FA-4052-9C81-65E6E6F743E5}.Debug|Any CPU.ActiveCfg = Debug|Any CPU
		{B745AAB2-B6FA-4052-9C81-65E6E6F743E5}.Debug|Any CPU.Build.0 = Debug|Any CPU
		{B745AAB2-B6FA-4052-9C81-65E6E6F743E5}.Release|Any CPU.ActiveCfg = Release|Any CPU
		{B745AAB2-B6FA-4052-9C81-65E6E6F743E5}.Release|Any CPU.Build.0 = Release|Any CPU
		{B9B2791C-94F0-4CFB-AA7B-FDA3C9679119}.Debug|Any CPU.ActiveCfg = Debug|Any CPU
		{B9B2791C-94F0-4CFB-AA7B-FDA3C9679119}.Debug|Any CPU.Build.0 = Debug|Any CPU
		{B9B2791C-94F0-4CFB-AA7B-FDA3C9679119}.Release|Any CPU.ActiveCfg = Release|Any CPU
		{B9B2791C-94F0-4CFB-AA7B-FDA3C9679119}.Release|Any CPU.Build.0 = Release|Any CPU
	EndGlobalSection
	GlobalSection(SolutionProperties) = preSolution
		HideSolutionNode = FALSE
	EndGlobalSection
EndGlobal
